{
  "name": "project-spypet",
  "version": "1.0.0",
  "lockfileVersion": 2,
  "requires": true,
  "packages": {
    "": {
      "name": "project-spypet",
      "version": "1.0.0",
      "license": "ISC",
      "dependencies": {
        "@trpc/server": "^10.19.1"
      },
      "devDependencies": {
        "@types/node": "^18.15.11",
        "typescript": "^4.8.3"
      }
    },
    "node_modules/@trpc/server": {
      "version": "10.19.1",
      "resolved": "https://registry.npmjs.org/@trpc/server/-/server-10.19.1.tgz",
      "integrity": "sha512-LAa8BQhMYJL+GU28cigOPKlEogCEBeff1wIKflnUj34ou1ythwTboe7Mi6rjDW3Q9EasP7s9YmqRv9Fkp8fL4Q=="
    },
    "node_modules/@types/node": {
      "version": "18.15.11",
      "resolved": "https://registry.npmjs.org/@types/node/-/node-18.15.11.tgz",
      "integrity": "sha512-E5Kwq2n4SbMzQOn6wnmBjuK9ouqlURrcZDVfbo9ftDDTFt3nk7ZKK4GMOzoYgnpQJKcxwQw+lGaBvvlMo0qN/Q==",
      "dev": true
    },
    "node_modules/typescript": {
      "version": "4.9.5",
      "resolved": "https://registry.npmjs.org/typescript/-/typescript-4.9.5.tgz",
      "integrity": "sha512-1FXk9E2Hm+QzZQ7z+McJiHL4NW1F2EzMu9Nq9i3zAaGqibafqYwCVU6WyWAuyQRRzOlxou8xZSyXLEN8oKj24g==",
      "dev": true,
      "bin": {
        "tsc": "bin/tsc",
        "tsserver": "bin/tsserver"
      },
      "engines": {
        "node": ">=4.2.0"
      }
    }
  },
  "dependencies": {
    "@trpc/server": {
      "version": "10.19.1",
      "resolved": "https://registry.npmjs.org/@trpc/server/-/server-10.19.1.tgz",
      "integrity": "sha512-LAa8BQhMYJL+GU28cigOPKlEogCEBeff1wIKflnUj34ou1ythwTboe7Mi6rjDW3Q9EasP7s9YmqRv9Fkp8fL4Q=="
    },
    "@types/node": {
      "version": "18.15.11",
      "resolved": "https://registry.npmjs.org/@types/node/-/node-18.15.11.tgz",
      "integrity": "sha512-E5Kwq2n4SbMzQOn6wnmBjuK9ouqlURrcZDVfbo9ftDDTFt3nk7ZKK4GMOzoYgnpQJKcxwQw+lGaBvvlMo0qN/Q==",
      "dev": true
    },
    "typescript": {
      "version": "4.9.5",
      "resolved": "https://registry.npmjs.org/typescript/-/typescript-4.9.5.tgz",
      "integrity": "sha512-1FXk9E2Hm+QzZQ7z+McJiHL4NW1F2EzMu9Nq9i3zAaGqibafqYwCVU6WyWAuyQRRzOlxou8xZSyXLEN8oKj24g==",
      "dev": true
    }
  }
}
